schema: '2.0'
stages:
  complete-covid_patients:
    cmd: dz run-step covid_patients complete
    deps:
    - path: src/covid_patients.py
      md5: 1e13155c1960cd5f3a0f347d56172e5e
      size: 4779
    params:
      zimmer.yaml:
        aswan_projects.hun-covid.current_leaf: 20c4f9e205b71c38c73a
    outs:
    - path: data/dabble/covid_patients/complete
      md5: 3f3988c726c42216aea46cf814ba8bc1.dir
      size: 910402
      nfiles: 1
