schema: '2.0'
stages:
  complete-covid_patients:
    cmd: datazimmer run-step complete-covid_patients
    deps:
    - path: src/covid_patients.py
      md5: 9b8dda803c392278c185cf3de41b3811
      size: 3505
    params:
      zimmer.yaml:
        cron_bumps.complete-covid_patients: 16
    outs:
    - path: data/dabble/covid_patients/complete
      md5: 54f1b214c914672aa9afc15700dfee96.dir
      size: 921763
      nfiles: 1
  complete-scimagojr:
    cmd: datazimmer run-step complete-scimagojr
    deps:
    - path: src/scimagojr.py
      md5: 04eeed97d2405c2444f2a5e155cc51bd
      size: 1184
    outs:
    - path: data/dabble/scimagojr/complete
      md5: ac4f9484c4c2f89bbb8696b34371a50a.dir
      size: 3015287
      nfiles: 1
